
Microsoft Visual Studio Solution File, Format Version 12.00
# Visual Studio Version 16
VisualStudioVersion = 16.0.30517.126
MinimumVisualStudioVersion = 10.0.40219.1
Project("{FAE04EC0-301F-11D3-BF4B-00C04F79EFBC}") = "BookStore.API", "src\BookStore.API\BookStore.API.csproj", "{CC221B9A-521D-4EC6-9A9F-31F303FBAB17}"
EndProject
Project("{FAE04EC0-301F-11D3-BF4B-00C04F79EFBC}") = "BookStore.Domain", "src\BookStore.Domain\BookStore.Domain.csproj", "{FA7F6597-340E-4D55-A2DE-64E33A661A6B}"
EndProject
Project("{FAE04EC0-301F-11D3-BF4B-00C04F79EFBC}") = "BookStore.Infrastructure", "src\BookStore.Infrastructure\BookStore.Infrastructure.csproj", "{988E568F-36F2-4FF4-A39A-0A4BBEA784AD}"
EndProject
Project("{2150E333-8FDC-42A3-9474-1A3956D46DE8}") = "tests", "tests", "{485C5F10-0836-48C5-BFCE-232CEBA8F6D1}"
EndProject
Project("{FAE04EC0-301F-11D3-BF4B-00C04F79EFBC}") = "BookStore.Domain.Tests", "tests\BookStore.Domain.Tests\BookStore.Domain.Tests.csproj", "{D7B0B0FA-8DD5-4EAB-B500-C57E91D896D6}"
EndProject
Project("{FAE04EC0-301F-11D3-BF4B-00C04F79EFBC}") = "BookStore.API.Tests", "tests\BookStore.API.Tests\BookStore.API.Tests.csproj", "{D59BF7D1-C00C-470F-947B-F8E54D831D04}"
EndProject
Project("{FAE04EC0-301F-11D3-BF4B-00C04F79EFBC}") = "BookStore.Infrastructure.Tests", "tests\BookStore.Infrastructure.Tests\BookStore.Infrastructure.Tests.csproj", "{EBD3E5BB-93EB-4ABE-844D-3081E30BE30B}"
EndProject
Global
	GlobalSection(SolutionConfigurationPlatforms) = preSolution
		Debug|Any CPU = Debug|Any CPU
		Release|Any CPU = Release|Any CPU
	EndGlobalSection
	GlobalSection(ProjectConfigurationPlatforms) = postSolution
		{CC221B9A-521D-4EC6-9A9F-31F303FBAB17}.Debug|Any CPU.ActiveCfg = Debug|Any CPU
		{CC221B9A-521D-4EC6-9A9F-31F303FBAB17}.Debug|Any CPU.Build.0 = Debug|Any CPU
		{CC221B9A-521D-4EC6-9A9F-31F303FBAB17}.Release|Any CPU.ActiveCfg = Release|Any CPU
		{CC221B9A-521D-4EC6-9A9F-31F303FBAB17}.Release|Any CPU.Build.0 = Release|Any CPU
		{FA7F6597-340E-4D55-A2DE-64E33A661A6B}.Debug|Any CPU.ActiveCfg = Debug|Any CPU
		{FA7F6597-340E-4D55-A2DE-64E33A661A6B}.Debug|Any CPU.Build.0 = Debug|Any CPU
		{FA7F6597-340E-4D55-A2DE-64E33A661A6B}.Release|Any CPU.ActiveCfg = Release|Any CPU
		{FA7F6597-340E-4D55-A2DE-64E33A661A6B}.Release|Any CPU.Build.0 = Release|Any CPU
		{988E568F-36F2-4FF4-A39A-0A4BBEA784AD}.Debug|Any CPU.ActiveCfg = Debug|Any CPU
		{988E568F-36F2-4FF4-A39A-0A4BBEA784AD}.Debug|Any CPU.Build.0 = Debug|Any CPU
		{988E568F-36F2-4FF4-A39A-0A4BBEA784AD}.Release|Any CPU.ActiveCfg = Release|Any CPU
		{988E568F-36F2-4FF4-A39A-0A4BBEA784AD}.Release|Any CPU.Build.0 = Release|Any CPU
		{D7B0B0FA-8DD5-4EAB-B500-C57E91D896D6}.Debug|Any CPU.ActiveCfg = Debug|Any CPU
		{D7B0B0FA-8DD5-4EAB-B500-C57E91D896D6}.Debug|Any CPU.Build.0 = Debug|Any CPU
		{D7B0B0FA-8DD5-4EAB-B500-C57E91D896D6}.Release|Any CPU.ActiveCfg = Release|Any CPU
		{D7B0B0FA-8DD5-4EAB-B500-C57E91D896D6}.Release|Any CPU.Build.0 = Release|Any CPU
		{D59BF7D1-C00C-470F-947B-F8E54D831D04}.Debug|Any CPU.ActiveCfg = Debug|Any CPU
		{D59BF7D1-C00C-470F-947B-F8E54D831D04}.Debug|Any CPU.Build.0 = Debug|Any CPU
		{D59BF7D1-C00C-470F-947B-F8E54D831D04}.Release|Any CPU.ActiveCfg = Release|Any CPU
		{D59BF7D1-C00C-470F-947B-F8E54D831D04}.Release|Any CPU.Build.0 = Release|Any CPU
		{EBD3E5BB-93EB-4ABE-844D-3081E30BE30B}.Debug|Any CPU.ActiveCfg = Debug|Any CPU
		{EBD3E5BB-93EB-4ABE-844D-3081E30BE30B}.Debug|Any CPU.Build.0 = Debug|Any CPU
		{EBD3E5BB-93EB-4ABE-844D-3081E30BE30B}.Release|Any CPU.ActiveCfg = Release|Any CPU
		{EBD3E5BB-93EB-4ABE-844D-3081E30BE30B}.Release|Any CPU.Build.0 = Release|Any CPU
	EndGlobalSection
	GlobalSection(SolutionProperties) = preSolution
		HideSolutionNode = FALSE
	EndGlobalSection
	GlobalSection(NestedProjects) = preSolution
		{D7B0B0FA-8DD5-4EAB-B500-C57E91D896D6} = {485C5F10-0836-48C5-BFCE-232CEBA8F6D1}
		{D59BF7D1-C00C-470F-947B-F8E54D831D04} = {485C5F10-0836-48C5-BFCE-232CEBA8F6D1}
		{EBD3E5BB-93EB-4ABE-844D-3081E30BE30B} = {485C5F10-0836-48C5-BFCE-232CEBA8F6D1}
	EndGlobalSection
	GlobalSection(ExtensibilityGlobals) = postSolution
		SolutionGuid = {2CB9F5A3-4269-4DC2-832F-DC411650BF94}
	EndGlobalSection
EndGlobal
